
Microsoft Visual Studio Solution File, Format Version 12.00
# Visual Studio Version 17
VisualStudioVersion = 17.3.32929.385
MinimumVisualStudioVersion = 10.0.40219.1
Project("{FAE04EC0-301F-11D3-BF4B-00C04F79EFBC}") = "testController", "testController\testController.csproj", "{41A1B8F0-EBBD-4A23-ACDB-5BF798AE241B}"
EndProject
Global
	GlobalSection(SolutionConfigurationPlatforms) = preSolution
		Debug|Any CPU = Debug|Any CPU
		Release|Any CPU = Release|Any CPU
	EndGlobalSection
	GlobalSection(ProjectConfigurationPlatforms) = postSolution
		{41A1B8F0-EBBD-4A23-ACDB-5BF798AE241B}.Debug|Any CPU.ActiveCfg = Debug|Any CPU
		{41A1B8F0-EBBD-4A23-ACDB-5BF798AE241B}.Debug|Any CPU.Build.0 = Debug|Any CPU
		{41A1B8F0-EBBD-4A23-ACDB-5BF798AE241B}.Release|Any CPU.ActiveCfg = Release|Any CPU
		{41A1B8F0-EBBD-4A23-ACDB-5BF798AE241B}.Release|Any CPU.Build.0 = Release|Any CPU
	EndGlobalSection
	GlobalSection(SolutionProperties) = preSolution
		HideSolutionNode = FALSE
	EndGlobalSection
	GlobalSection(ExtensibilityGlobals) = postSolution
		SolutionGuid = {88C2AC14-74FC-4FF3-A91B-1FB5F429C23C}
	EndGlobalSection
EndGlobal
